# This file is automatically @generated by Cargo.
# It is not intended for manual editing.
version = 4

[[package]]
name = "si-prefixes"
version = "2.0.0"
source = "registry+https://github.com/rust-lang/crates.io-index"
checksum = "ee74cdea9c765bbe035eb8ef9cdc44524fcdf0379c747f980ae03772683f33a0"

[[package]]
name = "unitconverter"
version = "0.1.0"
dependencies = [
 "si-prefixes",
]
